
Microsoft Visual Studio Solution File, Format Version 12.00
# Visual Studio Version 17
VisualStudioVersion = 17.14.36127.28 d17.14
MinimumVisualStudioVersion = 10.0.40219.1
Project("{FAE04EC0-301F-11D3-BF4B-00C04F79EFBC}") = "emdashEditor", "emdashEditor\emdashEditor.csproj", "{DD965549-424F-4DE9-A03D-A380C1D21467}"
EndProject
Global
	GlobalSection(SolutionConfigurationPlatforms) = preSolution
		Debug|Any CPU = Debug|Any CPU
		Release|Any CPU = Release|Any CPU
	EndGlobalSection
	GlobalSection(ProjectConfigurationPlatforms) = postSolution
		{DD965549-424F-4DE9-A03D-A380C1D21467}.Debug|Any CPU.ActiveCfg = Debug|Any CPU
		{DD965549-424F-4DE9-A03D-A380C1D21467}.Debug|Any CPU.Build.0 = Debug|Any CPU
		{DD965549-424F-4DE9-A03D-A380C1D21467}.Release|Any CPU.ActiveCfg = Release|Any CPU
		{DD965549-424F-4DE9-A03D-A380C1D21467}.Release|Any CPU.Build.0 = Release|Any CPU
	EndGlobalSection
	GlobalSection(SolutionProperties) = preSolution
		HideSolutionNode = FALSE
	EndGlobalSection
	GlobalSection(ExtensibilityGlobals) = postSolution
		SolutionGuid = {473753E8-097E-4DBC-B325-C02C1F1DF2F0}
	EndGlobalSection
EndGlobal
